
Microsoft Visual Studio Solution File, Format Version 12.00
# Visual Studio Version 16
VisualStudioVersion = 16.0.31911.196
MinimumVisualStudioVersion = 10.0.40219.1
Project("{9A19103F-16F7-4668-BE54-9A1E7A4F7556}") = "NP.Demos.DragBehaviorSample", "NP.Demos.DragBehaviorSample.csproj", "{0A386BF3-79C0-4EC3-BD7C-CAECF9044F1E}"
EndProject
Global
	GlobalSection(SolutionConfigurationPlatforms) = preSolution
		Debug|Any CPU = Debug|Any CPU
		Release|Any CPU = Release|Any CPU
	EndGlobalSection
	GlobalSection(ProjectConfigurationPlatforms) = postSolution
		{0A386BF3-79C0-4EC3-BD7C-CAECF9044F1E}.Debug|Any CPU.ActiveCfg = Debug|Any CPU
		{0A386BF3-79C0-4EC3-BD7C-CAECF9044F1E}.Debug|Any CPU.Build.0 = Debug|Any CPU
		{0A386BF3-79C0-4EC3-BD7C-CAECF9044F1E}.Release|Any CPU.ActiveCfg = Release|Any CPU
		{0A386BF3-79C0-4EC3-BD7C-CAECF9044F1E}.Release|Any CPU.Build.0 = Release|Any CPU
	EndGlobalSection
	GlobalSection(SolutionProperties) = preSolution
		HideSolutionNode = FALSE
	EndGlobalSection
	GlobalSection(ExtensibilityGlobals) = postSolution
		SolutionGuid = {31605DFB-DE23-4674-8431-1B210664A334}
	EndGlobalSection
EndGlobal
