
Microsoft Visual Studio Solution File, Format Version 12.00
# Visual Studio Version 16
VisualStudioVersion = 16.0.31624.102
MinimumVisualStudioVersion = 10.0.40219.1
Project("{9A19103F-16F7-4668-BE54-9A1E7A4F7556}") = "NP.Demos.XamlGenericsBugSample", "MainProject\NP.Demos.XamlGenericsBugSample.csproj", "{0B21DD47-E534-4CD1-A5E3-EB6172DAD0DF}"
EndProject
Global
	GlobalSection(SolutionConfigurationPlatforms) = preSolution
		Debug|Any CPU = Debug|Any CPU
		Release|Any CPU = Release|Any CPU
	EndGlobalSection
	GlobalSection(ProjectConfigurationPlatforms) = postSolution
		{0B21DD47-E534-4CD1-A5E3-EB6172DAD0DF}.Debug|Any CPU.ActiveCfg = Debug|Any CPU
		{0B21DD47-E534-4CD1-A5E3-EB6172DAD0DF}.Debug|Any CPU.Build.0 = Debug|Any CPU
		{0B21DD47-E534-4CD1-A5E3-EB6172DAD0DF}.Release|Any CPU.ActiveCfg = Release|Any CPU
		{0B21DD47-E534-4CD1-A5E3-EB6172DAD0DF}.Release|Any CPU.Build.0 = Release|Any CPU
	EndGlobalSection
	GlobalSection(SolutionProperties) = preSolution
		HideSolutionNode = FALSE
	EndGlobalSection
	GlobalSection(ExtensibilityGlobals) = postSolution
		SolutionGuid = {775553F3-18D1-49B8-8AC8-1DE999F0E79A}
	EndGlobalSection
EndGlobal
