
Microsoft Visual Studio Solution File, Format Version 12.00
# Visual Studio Version 17
VisualStudioVersion = 17.4.33020.496
MinimumVisualStudioVersion = 10.0.40219.1
Project("{9A19103F-16F7-4668-BE54-9A1E7A4F7556}") = "HostingWpfControlDemo", "HostingWpfControlDemo\HostingWpfControlDemo.csproj", "{9115F5E2-486A-4612-96CA-8B8B53A96327}"
EndProject
Project("{FAE04EC0-301F-11D3-BF4B-00C04F79EFBC}") = "WpfControlToHost", "WpfControlToHost\WpfControlToHost.csproj", "{3F1CB263-1B7D-412A-B996-1B9316C4EB41}"
EndProject
Global
	GlobalSection(SolutionConfigurationPlatforms) = preSolution
		Debug|Any CPU = Debug|Any CPU
		Release|Any CPU = Release|Any CPU
	EndGlobalSection
	GlobalSection(ProjectConfigurationPlatforms) = postSolution
		{9115F5E2-486A-4612-96CA-8B8B53A96327}.Debug|Any CPU.ActiveCfg = Debug|Any CPU
		{9115F5E2-486A-4612-96CA-8B8B53A96327}.Debug|Any CPU.Build.0 = Debug|Any CPU
		{9115F5E2-486A-4612-96CA-8B8B53A96327}.Release|Any CPU.ActiveCfg = Release|Any CPU
		{9115F5E2-486A-4612-96CA-8B8B53A96327}.Release|Any CPU.Build.0 = Release|Any CPU
		{3F1CB263-1B7D-412A-B996-1B9316C4EB41}.Debug|Any CPU.ActiveCfg = Debug|Any CPU
		{3F1CB263-1B7D-412A-B996-1B9316C4EB41}.Debug|Any CPU.Build.0 = Debug|Any CPU
		{3F1CB263-1B7D-412A-B996-1B9316C4EB41}.Release|Any CPU.ActiveCfg = Release|Any CPU
		{3F1CB263-1B7D-412A-B996-1B9316C4EB41}.Release|Any CPU.Build.0 = Release|Any CPU
	EndGlobalSection
	GlobalSection(SolutionProperties) = preSolution
		HideSolutionNode = FALSE
	EndGlobalSection
	GlobalSection(ExtensibilityGlobals) = postSolution
		SolutionGuid = {35732A8D-BE6D-464A-8C47-6D4DFF6133A8}
	EndGlobalSection
EndGlobal
