
Microsoft Visual Studio Solution File, Format Version 12.00
# Visual Studio Version 16
VisualStudioVersion = 16.0.31624.102
MinimumVisualStudioVersion = 10.0.40219.1
Project("{FAE04EC0-301F-11D3-BF4B-00C04F79EFBC}") = "NP.Demos.LogicalTreeSample", "NP.Demos.LogicalTreeSample.csproj", "{9DCCCC12-5104-4B65-B5A3-D3575CF769FF}"
EndProject
Global
	GlobalSection(SolutionConfigurationPlatforms) = preSolution
		Debug|Any CPU = Debug|Any CPU
		Release|Any CPU = Release|Any CPU
	EndGlobalSection
	GlobalSection(ProjectConfigurationPlatforms) = postSolution
		{9DCCCC12-5104-4B65-B5A3-D3575CF769FF}.Debug|Any CPU.ActiveCfg = Debug|Any CPU
		{9DCCCC12-5104-4B65-B5A3-D3575CF769FF}.Debug|Any CPU.Build.0 = Debug|Any CPU
		{9DCCCC12-5104-4B65-B5A3-D3575CF769FF}.Release|Any CPU.ActiveCfg = Release|Any CPU
		{9DCCCC12-5104-4B65-B5A3-D3575CF769FF}.Release|Any CPU.Build.0 = Release|Any CPU
	EndGlobalSection
	GlobalSection(SolutionProperties) = preSolution
		HideSolutionNode = FALSE
	EndGlobalSection
	GlobalSection(ExtensibilityGlobals) = postSolution
		SolutionGuid = {1E70F532-A83B-4023-9F78-BF5570D20D5F}
	EndGlobalSection
EndGlobal
