
Microsoft Visual Studio Solution File, Format Version 12.00
# Visual Studio Version 16
VisualStudioVersion = 16.0.31729.503
MinimumVisualStudioVersion = 10.0.40219.1
Project("{FAE04EC0-301F-11D3-BF4B-00C04F79EFBC}") = "NP.Demos.ThemingAndLocalizationDemo", "NP.Demos.ThemingAndLocalizationDemo.csproj", "{32113B65-7772-4DB7-AD3C-5347CBA85FC0}"
EndProject
Global
	GlobalSection(SolutionConfigurationPlatforms) = preSolution
		Debug|Any CPU = Debug|Any CPU
		Release|Any CPU = Release|Any CPU
	EndGlobalSection
	GlobalSection(ProjectConfigurationPlatforms) = postSolution
		{32113B65-7772-4DB7-AD3C-5347CBA85FC0}.Debug|Any CPU.ActiveCfg = Debug|Any CPU
		{32113B65-7772-4DB7-AD3C-5347CBA85FC0}.Debug|Any CPU.Build.0 = Debug|Any CPU
		{32113B65-7772-4DB7-AD3C-5347CBA85FC0}.Release|Any CPU.ActiveCfg = Release|Any CPU
		{32113B65-7772-4DB7-AD3C-5347CBA85FC0}.Release|Any CPU.Build.0 = Release|Any CPU
	EndGlobalSection
	GlobalSection(SolutionProperties) = preSolution
		HideSolutionNode = FALSE
	EndGlobalSection
	GlobalSection(ExtensibilityGlobals) = postSolution
		SolutionGuid = {0605B0B9-3B3C-4FBB-8AAC-307A7DDFA272}
	EndGlobalSection
EndGlobal
