
Microsoft Visual Studio Solution File, Format Version 12.00
# Visual Studio Version 16
VisualStudioVersion = 16.0.31911.196
MinimumVisualStudioVersion = 10.0.40219.1
Project("{9A19103F-16F7-4668-BE54-9A1E7A4F7556}") = "NP.Demos.LabeledControlSamples", "NP.Demos.LabeledControlSamples.csproj", "{222ACFE4-BC90-4267-A6B0-242205C290CD}"
EndProject
Global
	GlobalSection(SolutionConfigurationPlatforms) = preSolution
		Debug|Any CPU = Debug|Any CPU
		Release|Any CPU = Release|Any CPU
	EndGlobalSection
	GlobalSection(ProjectConfigurationPlatforms) = postSolution
		{222ACFE4-BC90-4267-A6B0-242205C290CD}.Debug|Any CPU.ActiveCfg = Debug|Any CPU
		{222ACFE4-BC90-4267-A6B0-242205C290CD}.Debug|Any CPU.Build.0 = Debug|Any CPU
		{222ACFE4-BC90-4267-A6B0-242205C290CD}.Release|Any CPU.ActiveCfg = Release|Any CPU
		{222ACFE4-BC90-4267-A6B0-242205C290CD}.Release|Any CPU.Build.0 = Release|Any CPU
	EndGlobalSection
	GlobalSection(SolutionProperties) = preSolution
		HideSolutionNode = FALSE
	EndGlobalSection
	GlobalSection(ExtensibilityGlobals) = postSolution
		SolutionGuid = {F12B028D-A997-45BF-B027-EB780E5624E5}
	EndGlobalSection
EndGlobal
