
Microsoft Visual Studio Solution File, Format Version 12.00
# Visual Studio Version 17
VisualStudioVersion = 17.5.33402.96
MinimumVisualStudioVersion = 10.0.40219.1
Project("{9A19103F-16F7-4668-BE54-9A1E7A4F7556}") = "WindowToEmbed", "WindowToEmbed.csproj", "{CAD8E599-2389-470F-AB8D-3808ACBAF2BC}"
EndProject
Global
	GlobalSection(SolutionConfigurationPlatforms) = preSolution
		Debug|Any CPU = Debug|Any CPU
		Release|Any CPU = Release|Any CPU
	EndGlobalSection
	GlobalSection(ProjectConfigurationPlatforms) = postSolution
		{CAD8E599-2389-470F-AB8D-3808ACBAF2BC}.Debug|Any CPU.ActiveCfg = Debug|Any CPU
		{CAD8E599-2389-470F-AB8D-3808ACBAF2BC}.Debug|Any CPU.Build.0 = Debug|Any CPU
		{CAD8E599-2389-470F-AB8D-3808ACBAF2BC}.Release|Any CPU.ActiveCfg = Release|Any CPU
		{CAD8E599-2389-470F-AB8D-3808ACBAF2BC}.Release|Any CPU.Build.0 = Release|Any CPU
	EndGlobalSection
	GlobalSection(SolutionProperties) = preSolution
		HideSolutionNode = FALSE
	EndGlobalSection
	GlobalSection(ExtensibilityGlobals) = postSolution
		SolutionGuid = {21003CE6-338E-4B7E-85F9-215012FD6371}
	EndGlobalSection
EndGlobal
