
Microsoft Visual Studio Solution File, Format Version 12.00
# Visual Studio Version 16
VisualStudioVersion = 16.0.31729.503
MinimumVisualStudioVersion = 10.0.40219.1
Project("{9A19103F-16F7-4668-BE54-9A1E7A4F7556}") = "NP.Demos.SimpleThemingAndL10NSample", "NP.Demos.SimpleThemingAndL10NSample.csproj", "{791F8270-D150-4E7F-AE70-15EB63A3C00A}"
EndProject
Global
	GlobalSection(SolutionConfigurationPlatforms) = preSolution
		Debug|Any CPU = Debug|Any CPU
		Release|Any CPU = Release|Any CPU
	EndGlobalSection
	GlobalSection(ProjectConfigurationPlatforms) = postSolution
		{791F8270-D150-4E7F-AE70-15EB63A3C00A}.Debug|Any CPU.ActiveCfg = Debug|Any CPU
		{791F8270-D150-4E7F-AE70-15EB63A3C00A}.Debug|Any CPU.Build.0 = Debug|Any CPU
		{791F8270-D150-4E7F-AE70-15EB63A3C00A}.Release|Any CPU.ActiveCfg = Release|Any CPU
		{791F8270-D150-4E7F-AE70-15EB63A3C00A}.Release|Any CPU.Build.0 = Release|Any CPU
	EndGlobalSection
	GlobalSection(SolutionProperties) = preSolution
		HideSolutionNode = FALSE
	EndGlobalSection
	GlobalSection(ExtensibilityGlobals) = postSolution
		SolutionGuid = {80599932-7C0C-47B6-BFC5-390C040516E0}
	EndGlobalSection
EndGlobal
