
Microsoft Visual Studio Solution File, Format Version 12.00
# Visual Studio Version 17
VisualStudioVersion = 17.1.32414.318
MinimumVisualStudioVersion = 10.0.40219.1
Project("{FAE04EC0-301F-11D3-BF4B-00C04F79EFBC}") = "AvaloniaAppForLinuxSubsystemDebuggingDemo", "AvaloniaAppForLinuxSubsystemDebuggingDemo.csproj", "{0F91ACBB-7266-4EC3-8B1E-7EEEEB54F813}"
EndProject
Global
	GlobalSection(SolutionConfigurationPlatforms) = preSolution
		Debug|Any CPU = Debug|Any CPU
		Release|Any CPU = Release|Any CPU
	EndGlobalSection
	GlobalSection(ProjectConfigurationPlatforms) = postSolution
		{0F91ACBB-7266-4EC3-8B1E-7EEEEB54F813}.Debug|Any CPU.ActiveCfg = Debug|Any CPU
		{0F91ACBB-7266-4EC3-8B1E-7EEEEB54F813}.Debug|Any CPU.Build.0 = Debug|Any CPU
		{0F91ACBB-7266-4EC3-8B1E-7EEEEB54F813}.Release|Any CPU.ActiveCfg = Release|Any CPU
		{0F91ACBB-7266-4EC3-8B1E-7EEEEB54F813}.Release|Any CPU.Build.0 = Release|Any CPU
	EndGlobalSection
	GlobalSection(SolutionProperties) = preSolution
		HideSolutionNode = FALSE
	EndGlobalSection
	GlobalSection(ExtensibilityGlobals) = postSolution
		SolutionGuid = {EB5AAD10-FCF4-41AC-8A90-1F65BD04EB0C}
	EndGlobalSection
EndGlobal
